
Microsoft Visual Studio Solution File, Format Version 12.00
# Visual Studio 15
VisualStudioVersion = 15.0.27703.2026
MinimumVisualStudioVersion = 10.0.40219.1
Project("{FAE04EC0-301F-11D3-BF4B-00C04F79EFBC}") = "Euler-2", "Euler-2\Euler-2.csproj", "{6BDE1A81-067F-4E97-ADDA-4119F0F410FB}"
EndProject
Global
	GlobalSection(SolutionConfigurationPlatforms) = preSolution
		Debug|Any CPU = Debug|Any CPU
		Release|Any CPU = Release|Any CPU
	EndGlobalSection
	GlobalSection(ProjectConfigurationPlatforms) = postSolution
		{6BDE1A81-067F-4E97-ADDA-4119F0F410FB}.Debug|Any CPU.ActiveCfg = Debug|Any CPU
		{6BDE1A81-067F-4E97-ADDA-4119F0F410FB}.Debug|Any CPU.Build.0 = Debug|Any CPU
		{6BDE1A81-067F-4E97-ADDA-4119F0F410FB}.Release|Any CPU.ActiveCfg = Release|Any CPU
		{6BDE1A81-067F-4E97-ADDA-4119F0F410FB}.Release|Any CPU.Build.0 = Release|Any CPU
	EndGlobalSection
	GlobalSection(SolutionProperties) = preSolution
		HideSolutionNode = FALSE
	EndGlobalSection
	GlobalSection(ExtensibilityGlobals) = postSolution
		SolutionGuid = {1D6D69DE-F91E-43BC-BB60-474927927FBB}
	EndGlobalSection
EndGlobal
